
Microsoft Visual Studio Solution File, Format Version 12.00
# Visual Studio Version 17
VisualStudioVersion = 17.2.32519.379
MinimumVisualStudioVersion = 10.0.40219.1
Project("{FAE04EC0-301F-11D3-BF4B-00C04F79EFBC}") = "SistemasPlenario", "SistemasPlenario\SistemasPlenario.csproj", "{1CEF5DF8-34C0-4EED-99A1-AB87F76D1335}"
EndProject
Project("{FAE04EC0-301F-11D3-BF4B-00C04F79EFBC}") = "Controllers", "Controllers\Controllers.csproj", "{F3B08AE6-1AAA-4A5F-97D2-4698931BEB53}"
EndProject
Project("{FAE04EC0-301F-11D3-BF4B-00C04F79EFBC}") = "Modelos", "Modelos\Modelos.csproj", "{67D74F8C-86A8-481F-A7B4-0AD00E9B0E1E}"
EndProject
Global
	GlobalSection(SolutionConfigurationPlatforms) = preSolution
		Debug|Any CPU = Debug|Any CPU
		Release|Any CPU = Release|Any CPU
	EndGlobalSection
	GlobalSection(ProjectConfigurationPlatforms) = postSolution
		{1CEF5DF8-34C0-4EED-99A1-AB87F76D1335}.Debug|Any CPU.ActiveCfg = Debug|Any CPU
		{1CEF5DF8-34C0-4EED-99A1-AB87F76D1335}.Debug|Any CPU.Build.0 = Debug|Any CPU
		{1CEF5DF8-34C0-4EED-99A1-AB87F76D1335}.Release|Any CPU.ActiveCfg = Release|Any CPU
		{1CEF5DF8-34C0-4EED-99A1-AB87F76D1335}.Release|Any CPU.Build.0 = Release|Any CPU
		{F3B08AE6-1AAA-4A5F-97D2-4698931BEB53}.Debug|Any CPU.ActiveCfg = Debug|Any CPU
		{F3B08AE6-1AAA-4A5F-97D2-4698931BEB53}.Debug|Any CPU.Build.0 = Debug|Any CPU
		{F3B08AE6-1AAA-4A5F-97D2-4698931BEB53}.Release|Any CPU.ActiveCfg = Release|Any CPU
		{F3B08AE6-1AAA-4A5F-97D2-4698931BEB53}.Release|Any CPU.Build.0 = Release|Any CPU
		{67D74F8C-86A8-481F-A7B4-0AD00E9B0E1E}.Debug|Any CPU.ActiveCfg = Debug|Any CPU
		{67D74F8C-86A8-481F-A7B4-0AD00E9B0E1E}.Debug|Any CPU.Build.0 = Debug|Any CPU
		{67D74F8C-86A8-481F-A7B4-0AD00E9B0E1E}.Release|Any CPU.ActiveCfg = Release|Any CPU
		{67D74F8C-86A8-481F-A7B4-0AD00E9B0E1E}.Release|Any CPU.Build.0 = Release|Any CPU
	EndGlobalSection
	GlobalSection(SolutionProperties) = preSolution
		HideSolutionNode = FALSE
	EndGlobalSection
	GlobalSection(ExtensibilityGlobals) = postSolution
		SolutionGuid = {FCB685C7-22C9-4C53-8C59-F4D396407ED8}
	EndGlobalSection
EndGlobal
